// !$*UTF8*$!
{
	archiveVersion = 1;
	classes = {
	};
	objectVersion = 55;
	objects = {

/* Begin PBXBuildFile section */
		0121EEFE28893EC800131DCE /* AppDelegate.swift in Sources */ = {isa = PBXBuildFile; fileRef = 0121EEFD28893EC800131DCE /* AppDelegate.swift */; };
		0121EF0028893EC800131DCE /* SceneDelegate.swift in Sources */ = {isa = PBXBuildFile; fileRef = 0121EEFF28893EC800131DCE /* SceneDelegate.swift */; };
		0121EF0528893EC800131DCE /* Main.storyboard in Resources */ = {isa = PBXBuildFile; fileRef = 0121EF0328893EC800131DCE /* Main.storyboard */; };
		0121EF0728893ECA00131DCE /* Assets.xcassets in Resources */ = {isa = PBXBuildFile; fileRef = 0121EF0628893ECA00131DCE /* Assets.xcassets */; };
		0121EF0A28893ECA00131DCE /* LaunchScreen.storyboard in Resources */ = {isa = PBXBuildFile; fileRef = 0121EF0828893ECA00131DCE /* LaunchScreen.storyboard */; };
		0121EF1F28893ECA00131DCE /* LipasAppUITests.swift in Sources */ = {isa = PBXBuildFile; fileRef = 0121EF1E28893ECA00131DCE /* LipasAppUITests.swift */; };
		0121EF2128893ECA00131DCE /* LipasAppUITestsLaunchTests.swift in Sources */ = {isa = PBXBuildFile; fileRef = 0121EF2028893ECA00131DCE /* LipasAppUITestsLaunchTests.swift */; };
		0121EF332889429800131DCE /* SportPlaceTableViewController.swift in Sources */ = {isa = PBXBuildFile; fileRef = 0121EF322889429800131DCE /* SportPlaceTableViewController.swift */; };
		0121EF35288942D400131DCE /* SportPlaceDetailsViewController.swift in Sources */ = {isa = PBXBuildFile; fileRef = 0121EF34288942D400131DCE /* SportPlaceDetailsViewController.swift */; };
		0121EF372889430000131DCE /* SportPlaceDetailsViewModel.swift in Sources */ = {isa = PBXBuildFile; fileRef = 0121EF362889430000131DCE /* SportPlaceDetailsViewModel.swift */; };
		0121EF392889433100131DCE /* SportPlaceTableViewModel.swift in Sources */ = {isa = PBXBuildFile; fileRef = 0121EF382889433100131DCE /* SportPlaceTableViewModel.swift */; };
		0121EF3B2889440800131DCE /* SportPlaceSimple.swift in Sources */ = {isa = PBXBuildFile; fileRef = 0121EF3A2889440800131DCE /* SportPlaceSimple.swift */; };
		0121EF3D2889441700131DCE /* SportPlaceDetails.swift in Sources */ = {isa = PBXBuildFile; fileRef = 0121EF3C2889441700131DCE /* SportPlaceDetails.swift */; };
		0121EF3F288944D900131DCE /* LipasApiClient.swift in Sources */ = {isa = PBXBuildFile; fileRef = 0121EF3E288944D900131DCE /* LipasApiClient.swift */; };
		0121EF43288955FD00131DCE /* SportPlaceTableViewCell.swift in Sources */ = {isa = PBXBuildFile; fileRef = 0121EF41288955FD00131DCE /* SportPlaceTableViewCell.swift */; };
		0121EF44288955FD00131DCE /* SportPlaceTableViewCell.xib in Resources */ = {isa = PBXBuildFile; fileRef = 0121EF42288955FD00131DCE /* SportPlaceTableViewCell.xib */; };
		0121EF472889599F00131DCE /* SportPlaceSimpleTests.swift in Sources */ = {isa = PBXBuildFile; fileRef = 0121EF462889599F00131DCE /* SportPlaceSimpleTests.swift */; };
		0121EF4928895C2B00131DCE /* SportPlaceDetailsTests.swift in Sources */ = {isa = PBXBuildFile; fileRef = 0121EF4828895C2B00131DCE /* SportPlaceDetailsTests.swift */; };
		0121EF4C28895DC700131DCE /* SportPlaceTableViewModelTests.swift in Sources */ = {isa = PBXBuildFile; fileRef = 0121EF4B28895DC700131DCE /* SportPlaceTableViewModelTests.swift */; };
		0121EF4F28895F6400131DCE /* MockSportPlaceSimple.swift in Sources */ = {isa = PBXBuildFile; fileRef = 0121EF4E28895F6400131DCE /* MockSportPlaceSimple.swift */; };
		74A785FBD1DCFDD7D972FA94 /* Pods_LipasApp_LipasAppUITests.framework in Frameworks */ = {isa = PBXBuildFile; fileRef = C413920B2614BFE83DDBC52E /* Pods_LipasApp_LipasAppUITests.framework */; };
		86DF9048EEBB9D56110D7E51 /* Pods_LipasAppTests.framework in Frameworks */ = {isa = PBXBuildFile; fileRef = 727D9C42AA5FF23F03017C9D /* Pods_LipasAppTests.framework */; };
		D78E3F56BEB3B41EF9FF0D82 /* Pods_LipasApp.framework in Frameworks */ = {isa = PBXBuildFile; fileRef = 4127796A0209CA4124623B12 /* Pods_LipasApp.framework */; };
/* End PBXBuildFile section */

/* Begin PBXContainerItemProxy section */
		0121EF1128893ECA00131DCE /* PBXContainerItemProxy */ = {
			isa = PBXContainerItemProxy;
			containerPortal = 0121EEF228893EC800131DCE /* Project object */;
			proxyType = 1;
			remoteGlobalIDString = 0121EEF928893EC800131DCE;
			remoteInfo = LipasApp;
		};
		0121EF1B28893ECA00131DCE /* PBXContainerItemProxy */ = {
			isa = PBXContainerItemProxy;
			containerPortal = 0121EEF228893EC800131DCE /* Project object */;
			proxyType = 1;
			remoteGlobalIDString = 0121EEF928893EC800131DCE;
			remoteInfo = LipasApp;
		};
/* End PBXContainerItemProxy section */

/* Begin PBXFileReference section */
		0121EEFA28893EC800131DCE /* LipasApp.app */ = {isa = PBXFileReference; explicitFileType = wrapper.application; includeInIndex = 0; path = LipasApp.app; sourceTree = BUILT_PRODUCTS_DIR; };
		0121EEFD28893EC800131DCE /* AppDelegate.swift */ = {isa = PBXFileReference; lastKnownFileType = sourcecode.swift; path = AppDelegate.swift; sourceTree = "<group>"; };
		0121EEFF28893EC800131DCE /* SceneDelegate.swift */ = {isa = PBXFileReference; lastKnownFileType = sourcecode.swift; path = SceneDelegate.swift; sourceTree = "<group>"; };
		0121EF0428893EC800131DCE /* Base */ = {isa = PBXFileReference; lastKnownFileType = file.storyboard; name = Base; path = Base.lproj/Main.storyboard; sourceTree = "<group>"; };
		0121EF0628893ECA00131DCE /* Assets.xcassets */ = {isa = PBXFileReference; lastKnownFileType = folder.assetcatalog; path = Assets.xcassets; sourceTree = "<group>"; };
		0121EF0928893ECA00131DCE /* Base */ = {isa = PBXFileReference; lastKnownFileType = file.storyboard; name = Base; path = Base.lproj/LaunchScreen.storyboard; sourceTree = "<group>"; };
		0121EF0B28893ECA00131DCE /* Info.plist */ = {isa = PBXFileReference; lastKnownFileType = text.plist.xml; path = Info.plist; sourceTree = "<group>"; };
		0121EF1028893ECA00131DCE /* LipasAppTests.xctest */ = {isa = PBXFileReference; explicitFileType = wrapper.cfbundle; includeInIndex = 0; path = LipasAppTests.xctest; sourceTree = BUILT_PRODUCTS_DIR; };
		0121EF1A28893ECA00131DCE /* LipasAppUITests.xctest */ = {isa = PBXFileReference; explicitFileType = wrapper.cfbundle; includeInIndex = 0; path = LipasAppUITests.xctest; sourceTree = BUILT_PRODUCTS_DIR; };
		0121EF1E28893ECA00131DCE /* LipasAppUITests.swift */ = {isa = PBXFileReference; lastKnownFileType = sourcecode.swift; path = LipasAppUITests.swift; sourceTree = "<group>"; };
		0121EF2028893ECA00131DCE /* LipasAppUITestsLaunchTests.swift */ = {isa = PBXFileReference; lastKnownFileType = sourcecode.swift; path = LipasAppUITestsLaunchTests.swift; sourceTree = "<group>"; };
		0121EF322889429800131DCE /* SportPlaceTableViewController.swift */ = {isa = PBXFileReference; lastKnownFileType = sourcecode.swift; path = SportPlaceTableViewController.swift; sourceTree = "<group>"; };
		0121EF34288942D400131DCE /* SportPlaceDetailsViewController.swift */ = {isa = PBXFileReference; lastKnownFileType = sourcecode.swift; path = SportPlaceDetailsViewController.swift; sourceTree = "<group>"; };
		0121EF362889430000131DCE /* SportPlaceDetailsViewModel.swift */ = {isa = PBXFileReference; lastKnownFileType = sourcecode.swift; path = SportPlaceDetailsViewModel.swift; sourceTree = "<group>"; };
		0121EF382889433100131DCE /* SportPlaceTableViewModel.swift */ = {isa = PBXFileReference; lastKnownFileType = sourcecode.swift; path = SportPlaceTableViewModel.swift; sourceTree = "<group>"; };
		0121EF3A2889440800131DCE /* SportPlaceSimple.swift */ = {isa = PBXFileReference; lastKnownFileType = sourcecode.swift; path = SportPlaceSimple.swift; sourceTree = "<group>"; };
		0121EF3C2889441700131DCE /* SportPlaceDetails.swift */ = {isa = PBXFileReference; lastKnownFileType = sourcecode.swift; path = SportPlaceDetails.swift; sourceTree = "<group>"; };
		0121EF3E288944D900131DCE /* LipasApiClient.swift */ = {isa = PBXFileReference; lastKnownFileType = sourcecode.swift; path = LipasApiClient.swift; sourceTree = "<group>"; };
		0121EF41288955FD00131DCE /* SportPlaceTableViewCell.swift */ = {isa = PBXFileReference; lastKnownFileType = sourcecode.swift; path = SportPlaceTableViewCell.swift; sourceTree = "<group>"; };
		0121EF42288955FD00131DCE /* SportPlaceTableViewCell.xib */ = {isa = PBXFileReference; lastKnownFileType = file.xib; path = SportPlaceTableViewCell.xib; sourceTree = "<group>"; };
		0121EF462889599F00131DCE /* SportPlaceSimpleTests.swift */ = {isa = PBXFileReference; lastKnownFileType = sourcecode.swift; path = SportPlaceSimpleTests.swift; sourceTree = "<group>"; };
		0121EF4828895C2B00131DCE /* SportPlaceDetailsTests.swift */ = {isa = PBXFileReference; lastKnownFileType = sourcecode.swift; path = SportPlaceDetailsTests.swift; sourceTree = "<group>"; };
		0121EF4B28895DC700131DCE /* SportPlaceTableViewModelTests.swift */ = {isa = PBXFileReference; lastKnownFileType = sourcecode.swift; path = SportPlaceTableViewModelTests.swift; sourceTree = "<group>"; };
		0121EF4E28895F6400131DCE /* MockSportPlaceSimple.swift */ = {isa = PBXFileReference; lastKnownFileType = sourcecode.swift; path = MockSportPlaceSimple.swift; sourceTree = "<group>"; };
		16023FEB83CF72E15C425B34 /* Pods-LipasApp.release.xcconfig */ = {isa = PBXFileReference; includeInIndex = 1; lastKnownFileType = text.xcconfig; name = "Pods-LipasApp.release.xcconfig"; path = "Target Support Files/Pods-LipasApp/Pods-LipasApp.release.xcconfig"; sourceTree = "<group>"; };
		4127796A0209CA4124623B12 /* Pods_LipasApp.framework */ = {isa = PBXFileReference; explicitFileType = wrapper.framework; includeInIndex = 0; path = Pods_LipasApp.framework; sourceTree = BUILT_PRODUCTS_DIR; };
		49DBF8FD736541CA0F0640DF /* Pods-LipasAppTests.release.xcconfig */ = {isa = PBXFileReference; includeInIndex = 1; lastKnownFileType = text.xcconfig; name = "Pods-LipasAppTests.release.xcconfig"; path = "Target Support Files/Pods-LipasAppTests/Pods-LipasAppTests.release.xcconfig"; sourceTree = "<group>"; };
		54C3C033EDE34566364FE44F /* Pods-LipasApp-LipasAppUITests.release.xcconfig */ = {isa = PBXFileReference; includeInIndex = 1; lastKnownFileType = text.xcconfig; name = "Pods-LipasApp-LipasAppUITests.release.xcconfig"; path = "Target Support Files/Pods-LipasApp-LipasAppUITests/Pods-LipasApp-LipasAppUITests.release.xcconfig"; sourceTree = "<group>"; };
		6D9345B0DE0B56231F58BFC5 /* Pods-LipasApp.debug.xcconfig */ = {isa = PBXFileReference; includeInIndex = 1; lastKnownFileType = text.xcconfig; name = "Pods-LipasApp.debug.xcconfig"; path = "Target Support Files/Pods-LipasApp/Pods-LipasApp.debug.xcconfig"; sourceTree = "<group>"; };
		727D9C42AA5FF23F03017C9D /* Pods_LipasAppTests.framework */ = {isa = PBXFileReference; explicitFileType = wrapper.framework; includeInIndex = 0; path = Pods_LipasAppTests.framework; sourceTree = BUILT_PRODUCTS_DIR; };
		C413920B2614BFE83DDBC52E /* Pods_LipasApp_LipasAppUITests.framework */ = {isa = PBXFileReference; explicitFileType = wrapper.framework; includeInIndex = 0; path = Pods_LipasApp_LipasAppUITests.framework; sourceTree = BUILT_PRODUCTS_DIR; };
		FDB932E776A8624EEC0FCC19 /* Pods-LipasAppTests.debug.xcconfig */ = {isa = PBXFileReference; includeInIndex = 1; lastKnownFileType = text.xcconfig; name = "Pods-LipasAppTests.debug.xcconfig"; path = "Target Support Files/Pods-LipasAppTests/Pods-LipasAppTests.debug.xcconfig"; sourceTree = "<group>"; };
		FDD2A1AC45E71CBA7BD93C1A /* Pods-LipasApp-LipasAppUITests.debug.xcconfig */ = {isa = PBXFileReference; includeInIndex = 1; lastKnownFileType = text.xcconfig; name = "Pods-LipasApp-LipasAppUITests.debug.xcconfig"; path = "Target Support Files/Pods-LipasApp-LipasAppUITests/Pods-LipasApp-LipasAppUITests.debug.xcconfig"; sourceTree = "<group>"; };
/* End PBXFileReference section */

/* Begin PBXFrameworksBuildPhase section */
		0121EEF728893EC800131DCE /* Frameworks */ = {
			isa = PBXFrameworksBuildPhase;
			buildActionMask = 2147483647;
			files = (
				D78E3F56BEB3B41EF9FF0D82 /* Pods_LipasApp.framework in Frameworks */,
			);
			runOnlyForDeploymentPostprocessing = 0;
		};
		0121EF0D28893ECA00131DCE /* Frameworks */ = {
			isa = PBXFrameworksBuildPhase;
			buildActionMask = 2147483647;
			files = (
				86DF9048EEBB9D56110D7E51 /* Pods_LipasAppTests.framework in Frameworks */,
			);
			runOnlyForDeploymentPostprocessing = 0;
		};
		0121EF1728893ECA00131DCE /* Frameworks */ = {
			isa = PBXFrameworksBuildPhase;
			buildActionMask = 2147483647;
			files = (
				74A785FBD1DCFDD7D972FA94 /* Pods_LipasApp_LipasAppUITests.framework in Frameworks */,
			);
			runOnlyForDeploymentPostprocessing = 0;
		};
/* End PBXFrameworksBuildPhase section */

/* Begin PBXGroup section */
		0077CD5CC065302C68A97DF5 /* Frameworks */ = {
			isa = PBXGroup;
			children = (
				4127796A0209CA4124623B12 /* Pods_LipasApp.framework */,
				C413920B2614BFE83DDBC52E /* Pods_LipasApp_LipasAppUITests.framework */,
				727D9C42AA5FF23F03017C9D /* Pods_LipasAppTests.framework */,
			);
			name = Frameworks;
			sourceTree = "<group>";
		};
		0121EEF128893EC800131DCE = {
			isa = PBXGroup;
			children = (
				0121EEFC28893EC800131DCE /* LipasApp */,
				0121EF1328893ECA00131DCE /* LipasAppTests */,
				0121EF1D28893ECA00131DCE /* LipasAppUITests */,
				0121EEFB28893EC800131DCE /* Products */,
				81BF7C1F9803478D92CEC3BF /* Pods */,
				0077CD5CC065302C68A97DF5 /* Frameworks */,
			);
			sourceTree = "<group>";
		};
		0121EEFB28893EC800131DCE /* Products */ = {
			isa = PBXGroup;
			children = (
				0121EEFA28893EC800131DCE /* LipasApp.app */,
				0121EF1028893ECA00131DCE /* LipasAppTests.xctest */,
				0121EF1A28893ECA00131DCE /* LipasAppUITests.xctest */,
			);
			name = Products;
			sourceTree = "<group>";
		};
		0121EEFC28893EC800131DCE /* LipasApp */ = {
			isa = PBXGroup;
			children = (
				0121EF3128893FC000131DCE /* Services */,
				0121EF3028893F4700131DCE /* Layouts */,
				0121EF2F28893F3400131DCE /* Models */,
				0121EF2E28893F1400131DCE /* ViewControllers */,
				0121EF2D28893F0A00131DCE /* ViewModels */,
				0121EEFD28893EC800131DCE /* AppDelegate.swift */,
				0121EEFF28893EC800131DCE /* SceneDelegate.swift */,
				0121EF0628893ECA00131DCE /* Assets.xcassets */,
				0121EF0B28893ECA00131DCE /* Info.plist */,
			);
			path = LipasApp;
			sourceTree = "<group>";
		};
		0121EF1328893ECA00131DCE /* LipasAppTests */ = {
			isa = PBXGroup;
			children = (
				0121EF4D28895F4B00131DCE /* Mocks */,
				0121EF4A28895D7600131DCE /* ViewModels */,
				0121EF452889598000131DCE /* Models */,
			);
			path = LipasAppTests;
			sourceTree = "<group>";
		};
		0121EF1D28893ECA00131DCE /* LipasAppUITests */ = {
			isa = PBXGroup;
			children = (
				0121EF1E28893ECA00131DCE /* LipasAppUITests.swift */,
				0121EF2028893ECA00131DCE /* LipasAppUITestsLaunchTests.swift */,
			);
			path = LipasAppUITests;
			sourceTree = "<group>";
		};
		0121EF2D28893F0A00131DCE /* ViewModels */ = {
			isa = PBXGroup;
			children = (
				0121EF362889430000131DCE /* SportPlaceDetailsViewModel.swift */,
				0121EF382889433100131DCE /* SportPlaceTableViewModel.swift */,
			);
			path = ViewModels;
			sourceTree = "<group>";
		};
		0121EF2E28893F1400131DCE /* ViewControllers */ = {
			isa = PBXGroup;
			children = (
				0121EF322889429800131DCE /* SportPlaceTableViewController.swift */,
				0121EF34288942D400131DCE /* SportPlaceDetailsViewController.swift */,
			);
			path = ViewControllers;
			sourceTree = "<group>";
		};
		0121EF2F28893F3400131DCE /* Models */ = {
			isa = PBXGroup;
			children = (
				0121EF3A2889440800131DCE /* SportPlaceSimple.swift */,
				0121EF3C2889441700131DCE /* SportPlaceDetails.swift */,
			);
			path = Models;
			sourceTree = "<group>";
		};
		0121EF3028893F4700131DCE /* Layouts */ = {
			isa = PBXGroup;
			children = (
				0121EF40288955AB00131DCE /* SportPlaceTableViewCell */,
				0121EF0328893EC800131DCE /* Main.storyboard */,
				0121EF0828893ECA00131DCE /* LaunchScreen.storyboard */,
			);
			path = Layouts;
			sourceTree = "<group>";
		};
		0121EF3128893FC000131DCE /* Services */ = {
			isa = PBXGroup;
			children = (
				0121EF3E288944D900131DCE /* LipasApiClient.swift */,
			);
			path = Services;
			sourceTree = "<group>";
		};
		0121EF40288955AB00131DCE /* SportPlaceTableViewCell */ = {
			isa = PBXGroup;
			children = (
				0121EF41288955FD00131DCE /* SportPlaceTableViewCell.swift */,
				0121EF42288955FD00131DCE /* SportPlaceTableViewCell.xib */,
			);
			path = SportPlaceTableViewCell;
			sourceTree = "<group>";
		};
		0121EF452889598000131DCE /* Models */ = {
			isa = PBXGroup;
			children = (
				0121EF462889599F00131DCE /* SportPlaceSimpleTests.swift */,
				0121EF4828895C2B00131DCE /* SportPlaceDetailsTests.swift */,
			);
			path = Models;
			sourceTree = "<group>";
		};
		0121EF4A28895D7600131DCE /* ViewModels */ = {
			isa = PBXGroup;
			children = (
				0121EF4B28895DC700131DCE /* SportPlaceTableViewModelTests.swift */,
			);
			path = ViewModels;
			sourceTree = "<group>";
		};
		0121EF4D28895F4B00131DCE /* Mocks */ = {
			isa = PBXGroup;
			children = (
				0121EF4E28895F6400131DCE /* MockSportPlaceSimple.swift */,
			);
			path = Mocks;
			sourceTree = "<group>";
		};
		81BF7C1F9803478D92CEC3BF /* Pods */ = {
			isa = PBXGroup;
			children = (
				6D9345B0DE0B56231F58BFC5 /* Pods-LipasApp.debug.xcconfig */,
				16023FEB83CF72E15C425B34 /* Pods-LipasApp.release.xcconfig */,
				FDD2A1AC45E71CBA7BD93C1A /* Pods-LipasApp-LipasAppUITests.debug.xcconfig */,
				54C3C033EDE34566364FE44F /* Pods-LipasApp-LipasAppUITests.release.xcconfig */,
				FDB932E776A8624EEC0FCC19 /* Pods-LipasAppTests.debug.xcconfig */,
				49DBF8FD736541CA0F0640DF /* Pods-LipasAppTests.release.xcconfig */,
			);
			path = Pods;
			sourceTree = "<group>";
		};
/* End PBXGroup section */

/* Begin PBXNativeTarget section */
		0121EEF928893EC800131DCE /* LipasApp */ = {
			isa = PBXNativeTarget;
			buildConfigurationList = 0121EF2428893ECA00131DCE /* Build configuration list for PBXNativeTarget "LipasApp" */;
			buildPhases = (
				4A639936AA470DE1CB8F6262 /* [CP] Check Pods Manifest.lock */,
				0121EEF628893EC800131DCE /* Sources */,
				0121EEF728893EC800131DCE /* Frameworks */,
				0121EEF828893EC800131DCE /* Resources */,
				8E92D680CDF4ECD83532809F /* [CP] Embed Pods Frameworks */,
			);
			buildRules = (
			);
			dependencies = (
			);
			name = LipasApp;
			productName = LipasApp;
			productReference = 0121EEFA28893EC800131DCE /* LipasApp.app */;
			productType = "com.apple.product-type.application";
		};
		0121EF0F28893ECA00131DCE /* LipasAppTests */ = {
			isa = PBXNativeTarget;
			buildConfigurationList = 0121EF2728893ECA00131DCE /* Build configuration list for PBXNativeTarget "LipasAppTests" */;
			buildPhases = (
				3B4EFAF7BA16C9E17B43F396 /* [CP] Check Pods Manifest.lock */,
				0121EF0C28893ECA00131DCE /* Sources */,
				0121EF0D28893ECA00131DCE /* Frameworks */,
				0121EF0E28893ECA00131DCE /* Resources */,
			);
			buildRules = (
			);
			dependencies = (
				0121EF1228893ECA00131DCE /* PBXTargetDependency */,
			);
			name = LipasAppTests;
			productName = LipasAppTests;
			productReference = 0121EF1028893ECA00131DCE /* LipasAppTests.xctest */;
			productType = "com.apple.product-type.bundle.unit-test";
		};
		0121EF1928893ECA00131DCE /* LipasAppUITests */ = {
			isa = PBXNativeTarget;
			buildConfigurationList = 0121EF2A28893ECA00131DCE /* Build configuration list for PBXNativeTarget "LipasAppUITests" */;
			buildPhases = (
				AA2664761C2B83BEB700A99B /* [CP] Check Pods Manifest.lock */,
				0121EF1628893ECA00131DCE /* Sources */,
				0121EF1728893ECA00131DCE /* Frameworks */,
				0121EF1828893ECA00131DCE /* Resources */,
				22A85E5C153C958F5859B64E /* [CP] Embed Pods Frameworks */,
			);
			buildRules = (
			);
			dependencies = (
				0121EF1C28893ECA00131DCE /* PBXTargetDependency */,
			);
			name = LipasAppUITests;
			productName = LipasAppUITests;
			productReference = 0121EF1A28893ECA00131DCE /* LipasAppUITests.xctest */;
			productType = "com.apple.product-type.bundle.ui-testing";
		};
/* End PBXNativeTarget section */

/* Begin PBXProject section */
		0121EEF228893EC800131DCE /* Project object */ = {
			isa = PBXProject;
			attributes = {
				BuildIndependentTargetsInParallel = 1;
				LastSwiftUpdateCheck = 1320;
				LastUpgradeCheck = 1320;
				TargetAttributes = {
					0121EEF928893EC800131DCE = {
						CreatedOnToolsVersion = 13.2;
					};
					0121EF0F28893ECA00131DCE = {
						CreatedOnToolsVersion = 13.2;
						TestTargetID = 0121EEF928893EC800131DCE;
					};
					0121EF1928893ECA00131DCE = {
						CreatedOnToolsVersion = 13.2;
						TestTargetID = 0121EEF928893EC800131DCE;
					};
				};
			};
			buildConfigurationList = 0121EEF528893EC800131DCE /* Build configuration list for PBXProject "LipasApp" */;
			compatibilityVersion = "Xcode 13.0";
			developmentRegion = en;
			hasScannedForEncodings = 0;
			knownRegions = (
				en,
				Base,
			);
			mainGroup = 0121EEF128893EC800131DCE;
			productRefGroup = 0121EEFB28893EC800131DCE /* Products */;
			projectDirPath = "";
			projectRoot = "";
			targets = (
				0121EEF928893EC800131DCE /* LipasApp */,
				0121EF0F28893ECA00131DCE /* LipasAppTests */,
				0121EF1928893ECA00131DCE /* LipasAppUITests */,
			);
		};
/* End PBXProject section */

/* Begin PBXResourcesBuildPhase section */
		0121EEF828893EC800131DCE /* Resources */ = {
			isa = PBXResourcesBuildPhase;
			buildActionMask = 2147483647;
			files = (
				0121EF44288955FD00131DCE /* SportPlaceTableViewCell.xib in Resources */,
				0121EF0A28893ECA00131DCE /* LaunchScreen.storyboard in Resources */,
				0121EF0728893ECA00131DCE /* Assets.xcassets in Resources */,
				0121EF0528893EC800131DCE /* Main.storyboard in Resources */,
			);
			runOnlyForDeploymentPostprocessing = 0;
		};
		0121EF0E28893ECA00131DCE /* Resources */ = {
			isa = PBXResourcesBuildPhase;
			buildActionMask = 2147483647;
			files = (
			);
			runOnlyForDeploymentPostprocessing = 0;
		};
		0121EF1828893ECA00131DCE /* Resources */ = {
			isa = PBXResourcesBuildPhase;
			buildActionMask = 2147483647;
			files = (
			);
			runOnlyForDeploymentPostprocessing = 0;
		};
/* End PBXResourcesBuildPhase section */

/* Begin PBXShellScriptBuildPhase section */
		22A85E5C153C958F5859B64E /* [CP] Embed Pods Frameworks */ = {
			isa = PBXShellScriptBuildPhase;
			buildActionMask = 2147483647;
			files = (
			);
			inputFileListPaths = (
				"${PODS_ROOT}/Target Support Files/Pods-LipasApp-LipasAppUITests/Pods-LipasApp-LipasAppUITests-frameworks-${CONFIGURATION}-input-files.xcfilelist",
			);
			name = "[CP] Embed Pods Frameworks";
			outputFileListPaths = (
				"${PODS_ROOT}/Target Support Files/Pods-LipasApp-LipasAppUITests/Pods-LipasApp-LipasAppUITests-frameworks-${CONFIGURATION}-output-files.xcfilelist",
			);
			runOnlyForDeploymentPostprocessing = 0;
			shellPath = /bin/sh;
			shellScript = "\"${PODS_ROOT}/Target Support Files/Pods-LipasApp-LipasAppUITests/Pods-LipasApp-LipasAppUITests-frameworks.sh\"\n";
			showEnvVarsInLog = 0;
		};
		3B4EFAF7BA16C9E17B43F396 /* [CP] Check Pods Manifest.lock */ = {
			isa = PBXShellScriptBuildPhase;
			buildActionMask = 2147483647;
			files = (
			);
			inputFileListPaths = (
			);
			inputPaths = (
				"${PODS_PODFILE_DIR_PATH}/Podfile.lock",
				"${PODS_ROOT}/Manifest.lock",
			);
			name = "[CP] Check Pods Manifest.lock";
			outputFileListPaths = (
			);
			outputPaths = (
				"$(DERIVED_FILE_DIR)/Pods-LipasAppTests-checkManifestLockResult.txt",
			);
			runOnlyForDeploymentPostprocessing = 0;
			shellPath = /bin/sh;
			shellScript = "diff \"${PODS_PODFILE_DIR_PATH}/Podfile.lock\" \"${PODS_ROOT}/Manifest.lock\" > /dev/null\nif [ $? != 0 ] ; then\n    # print error to STDERR\n    echo \"error: The sandbox is not in sync with the Podfile.lock. Run 'pod install' or update your CocoaPods installation.\" >&2\n    exit 1\nfi\n# This output is used by Xcode 'outputs' to avoid re-running this script phase.\necho \"SUCCESS\" > \"${SCRIPT_OUTPUT_FILE_0}\"\n";
			showEnvVarsInLog = 0;
		};
		4A639936AA470DE1CB8F6262 /* [CP] Check Pods Manifest.lock */ = {
			isa = PBXShellScriptBuildPhase;
			buildActionMask = 2147483647;
			files = (
			);
			inputFileListPaths = (
			);
			inputPaths = (
				"${PODS_PODFILE_DIR_PATH}/Podfile.lock",
				"${PODS_ROOT}/Manifest.lock",
			);
			name = "[CP] Check Pods Manifest.lock";
			outputFileListPaths = (
			);
			outputPaths = (
				"$(DERIVED_FILE_DIR)/Pods-LipasApp-checkManifestLockResult.txt",
			);
			runOnlyForDeploymentPostprocessing = 0;
			shellPath = /bin/sh;
			shellScript = "diff \"${PODS_PODFILE_DIR_PATH}/Podfile.lock\" \"${PODS_ROOT}/Manifest.lock\" > /dev/null\nif [ $? != 0 ] ; then\n    # print error to STDERR\n    echo \"error: The sandbox is not in sync with the Podfile.lock. Run 'pod install' or update your CocoaPods installation.\" >&2\n    exit 1\nfi\n# This output is used by Xcode 'outputs' to avoid re-running this script phase.\necho \"SUCCESS\" > \"${SCRIPT_OUTPUT_FILE_0}\"\n";
			showEnvVarsInLog = 0;
		};
		8E92D680CDF4ECD83532809F /* [CP] Embed Pods Frameworks */ = {
			isa = PBXShellScriptBuildPhase;
			buildActionMask = 2147483647;
			files = (
			);
			inputFileListPaths = (
				"${PODS_ROOT}/Target Support Files/Pods-LipasApp/Pods-LipasApp-frameworks-${CONFIGURATION}-input-files.xcfilelist",
			);
			name = "[CP] Embed Pods Frameworks";
			outputFileListPaths = (
				"${PODS_ROOT}/Target Support Files/Pods-LipasApp/Pods-LipasApp-frameworks-${CONFIGURATION}-output-files.xcfilelist",
			);
			runOnlyForDeploymentPostprocessing = 0;
			shellPath = /bin/sh;
			shellScript = "\"${PODS_ROOT}/Target Support Files/Pods-LipasApp/Pods-LipasApp-frameworks.sh\"\n";
			showEnvVarsInLog = 0;
		};
		AA2664761C2B83BEB700A99B /* [CP] Check Pods Manifest.lock */ = {
			isa = PBXShellScriptBuildPhase;
			buildActionMask = 2147483647;
			files = (
			);
			inputFileListPaths = (
			);
			inputPaths = (
				"${PODS_PODFILE_DIR_PATH}/Podfile.lock",
				"${PODS_ROOT}/Manifest.lock",
			);
			name = "[CP] Check Pods Manifest.lock";
			outputFileListPaths = (
			);
			outputPaths = (
				"$(DERIVED_FILE_DIR)/Pods-LipasApp-LipasAppUITests-checkManifestLockResult.txt",
			);
			runOnlyForDeploymentPostprocessing = 0;
			shellPath = /bin/sh;
			shellScript = "diff \"${PODS_PODFILE_DIR_PATH}/Podfile.lock\" \"${PODS_ROOT}/Manifest.lock\" > /dev/null\nif [ $? != 0 ] ; then\n    # print error to STDERR\n    echo \"error: The sandbox is not in sync with the Podfile.lock. Run 'pod install' or update your CocoaPods installation.\" >&2\n    exit 1\nfi\n# This output is used by Xcode 'outputs' to avoid re-running this script phase.\necho \"SUCCESS\" > \"${SCRIPT_OUTPUT_FILE_0}\"\n";
			showEnvVarsInLog = 0;
		};
/* End PBXShellScriptBuildPhase section */

/* Begin PBXSourcesBuildPhase section */
		0121EEF628893EC800131DCE /* Sources */ = {
			isa = PBXSourcesBuildPhase;
			buildActionMask = 2147483647;
			files = (
				0121EF3B2889440800131DCE /* SportPlaceSimple.swift in Sources */,
				0121EF3F288944D900131DCE /* LipasApiClient.swift in Sources */,
				0121EF392889433100131DCE /* SportPlaceTableViewModel.swift in Sources */,
				0121EF332889429800131DCE /* SportPlaceTableViewController.swift in Sources */,
				0121EF43288955FD00131DCE /* SportPlaceTableViewCell.swift in Sources */,
				0121EF3D2889441700131DCE /* SportPlaceDetails.swift in Sources */,
				0121EF372889430000131DCE /* SportPlaceDetailsViewModel.swift in Sources */,
				0121EEFE28893EC800131DCE /* AppDelegate.swift in Sources */,
				0121EF35288942D400131DCE /* SportPlaceDetailsViewController.swift in Sources */,
				0121EF0028893EC800131DCE /* SceneDelegate.swift in Sources */,
			);
			runOnlyForDeploymentPostprocessing = 0;
		};
		0121EF0C28893ECA00131DCE /* Sources */ = {
			isa = PBXSourcesBuildPhase;
			buildActionMask = 2147483647;
			files = (
				0121EF472889599F00131DCE /* SportPlaceSimpleTests.swift in Sources */,
				0121EF4C28895DC700131DCE /* SportPlaceTableViewModelTests.swift in Sources */,
				0121EF4F28895F6400131DCE /* MockSportPlaceSimple.swift in Sources */,
				0121EF4928895C2B00131DCE /* SportPlaceDetailsTests.swift in Sources */,
			);
			runOnlyForDeploymentPostprocessing = 0;
		};
		0121EF1628893ECA00131DCE /* Sources */ = {
			isa = PBXSourcesBuildPhase;
			buildActionMask = 2147483647;
			files = (
				0121EF2128893ECA00131DCE /* LipasAppUITestsLaunchTests.swift in Sources */,
				0121EF1F28893ECA00131DCE /* LipasAppUITests.swift in Sources */,
			);
			runOnlyForDeploymentPostprocessing = 0;
		};
/* End PBXSourcesBuildPhase section */

/* Begin PBXTargetDependency section */
		0121EF1228893ECA00131DCE /* PBXTargetDependency */ = {
			isa = PBXTargetDependency;
			target = 0121EEF928893EC800131DCE /* LipasApp */;
			targetProxy = 0121EF1128893ECA00131DCE /* PBXContainerItemProxy */;
		};
		0121EF1C28893ECA00131DCE /* PBXTargetDependency */ = {
			isa = PBXTargetDependency;
			target = 0121EEF928893EC800131DCE /* LipasApp */;
			targetProxy = 0121EF1B28893ECA00131DCE /* PBXContainerItemProxy */;
		};
/* End PBXTargetDependency section */

/* Begin PBXVariantGroup section */
		0121EF0328893EC800131DCE /* Main.storyboard */ = {
			isa = PBXVariantGroup;
			children = (
				0121EF0428893EC800131DCE /* Base */,
			);
			name = Main.storyboard;
			sourceTree = "<group>";
		};
		0121EF0828893ECA00131DCE /* LaunchScreen.storyboard */ = {
			isa = PBXVariantGroup;
			children = (
				0121EF0928893ECA00131DCE /* Base */,
			);
			name = LaunchScreen.storyboard;
			sourceTree = "<group>";
		};
/* End PBXVariantGroup section */

/* Begin XCBuildConfiguration section */
		0121EF2228893ECA00131DCE /* Debug */ = {
			isa = XCBuildConfiguration;
			buildSettings = {
				ALWAYS_SEARCH_USER_PATHS = NO;
				CLANG_ANALYZER_NONNULL = YES;
				CLANG_ANALYZER_NUMBER_OBJECT_CONVERSION = YES_AGGRESSIVE;
				CLANG_CXX_LANGUAGE_STANDARD = "gnu++17";
				CLANG_CXX_LIBRARY = "libc++";
				CLANG_ENABLE_MODULES = YES;
				CLANG_ENABLE_OBJC_ARC = YES;
				CLANG_ENABLE_OBJC_WEAK = YES;
				CLANG_WARN_BLOCK_CAPTURE_AUTORELEASING = YES;
				CLANG_WARN_BOOL_CONVERSION = YES;
				CLANG_WARN_COMMA = YES;
				CLANG_WARN_CONSTANT_CONVERSION = YES;
				CLANG_WARN_DEPRECATED_OBJC_IMPLEMENTATIONS = YES;
				CLANG_WARN_DIRECT_OBJC_ISA_USAGE = YES_ERROR;
				CLANG_WARN_DOCUMENTATION_COMMENTS = YES;
				CLANG_WARN_EMPTY_BODY = YES;
				CLANG_WARN_ENUM_CONVERSION = YES;
				CLANG_WARN_INFINITE_RECURSION = YES;
				CLANG_WARN_INT_CONVERSION = YES;
				CLANG_WARN_NON_LITERAL_NULL_CONVERSION = YES;
				CLANG_WARN_OBJC_IMPLICIT_RETAIN_SELF = YES;
				CLANG_WARN_OBJC_LITERAL_CONVERSION = YES;
				CLANG_WARN_OBJC_ROOT_CLASS = YES_ERROR;
				CLANG_WARN_QUOTED_INCLUDE_IN_FRAMEWORK_HEADER = YES;
				CLANG_WARN_RANGE_LOOP_ANALYSIS = YES;
				CLANG_WARN_STRICT_PROTOTYPES = YES;
				CLANG_WARN_SUSPICIOUS_MOVE = YES;
				CLANG_WARN_UNGUARDED_AVAILABILITY = YES_AGGRESSIVE;
				CLANG_WARN_UNREACHABLE_CODE = YES;
				CLANG_WARN__DUPLICATE_METHOD_MATCH = YES;
				COPY_PHASE_STRIP = NO;
				DEBUG_INFORMATION_FORMAT = dwarf;
				ENABLE_STRICT_OBJC_MSGSEND = YES;
				ENABLE_TESTABILITY = YES;
				GCC_C_LANGUAGE_STANDARD = gnu11;
				GCC_DYNAMIC_NO_PIC = NO;
				GCC_NO_COMMON_BLOCKS = YES;
				GCC_OPTIMIZATION_LEVEL = 0;
				GCC_PREPROCESSOR_DEFINITIONS = (
					"DEBUG=1",
					"$(inherited)",
				);
				GCC_WARN_64_TO_32_BIT_CONVERSION = YES;
				GCC_WARN_ABOUT_RETURN_TYPE = YES_ERROR;
				GCC_WARN_UNDECLARED_SELECTOR = YES;
				GCC_WARN_UNINITIALIZED_AUTOS = YES_AGGRESSIVE;
				GCC_WARN_UNUSED_FUNCTION = YES;
				GCC_WARN_UNUSED_VARIABLE = YES;
				IPHONEOS_DEPLOYMENT_TARGET = 15.2;
				MTL_ENABLE_DEBUG_INFO = INCLUDE_SOURCE;
				MTL_FAST_MATH = YES;
				ONLY_ACTIVE_ARCH = YES;
				SDKROOT = iphoneos;
				SWIFT_ACTIVE_COMPILATION_CONDITIONS = DEBUG;
				SWIFT_OPTIMIZATION_LEVEL = "-Onone";
			};
			name = Debug;
		};
		0121EF2328893ECA00131DCE /* Release */ = {
			isa = XCBuildConfiguration;
			buildSettings = {
				ALWAYS_SEARCH_USER_PATHS = NO;
				CLANG_ANALYZER_NONNULL = YES;
				CLANG_ANALYZER_NUMBER_OBJECT_CONVERSION = YES_AGGRESSIVE;
				CLANG_CXX_LANGUAGE_STANDARD = "gnu++17";
				CLANG_CXX_LIBRARY = "libc++";
				CLANG_ENABLE_MODULES = YES;
				CLANG_ENABLE_OBJC_ARC = YES;
				CLANG_ENABLE_OBJC_WEAK = YES;
				CLANG_WARN_BLOCK_CAPTURE_AUTORELEASING = YES;
				CLANG_WARN_BOOL_CONVERSION = YES;
				CLANG_WARN_COMMA = YES;
				CLANG_WARN_CONSTANT_CONVERSION = YES;
				CLANG_WARN_DEPRECATED_OBJC_IMPLEMENTATIONS = YES;
				CLANG_WARN_DIRECT_OBJC_ISA_USAGE = YES_ERROR;
				CLANG_WARN_DOCUMENTATION_COMMENTS = YES;
				CLANG_WARN_EMPTY_BODY = YES;
				CLANG_WARN_ENUM_CONVERSION = YES;
				CLANG_WARN_INFINITE_RECURSION = YES;
				CLANG_WARN_INT_CONVERSION = YES;
				CLANG_WARN_NON_LITERAL_NULL_CONVERSION = YES;
				CLANG_WARN_OBJC_IMPLICIT_RETAIN_SELF = YES;
				CLANG_WARN_OBJC_LITERAL_CONVERSION = YES;
				CLANG_WARN_OBJC_ROOT_CLASS = YES_ERROR;
				CLANG_WARN_QUOTED_INCLUDE_IN_FRAMEWORK_HEADER = YES;
				CLANG_WARN_RANGE_LOOP_ANALYSIS = YES;
				CLANG_WARN_STRICT_PROTOTYPES = YES;
				CLANG_WARN_SUSPICIOUS_MOVE = YES;
				CLANG_WARN_UNGUARDED_AVAILABILITY = YES_AGGRESSIVE;
				CLANG_WARN_UNREACHABLE_CODE = YES;
				CLANG_WARN__DUPLICATE_METHOD_MATCH = YES;
				COPY_PHASE_STRIP = NO;
				DEBUG_INFORMATION_FORMAT = "dwarf-with-dsym";
				ENABLE_NS_ASSERTIONS = NO;
				ENABLE_STRICT_OBJC_MSGSEND = YES;
				GCC_C_LANGUAGE_STANDARD = gnu11;
				GCC_NO_COMMON_BLOCKS = YES;
				GCC_WARN_64_TO_32_BIT_CONVERSION = YES;
				GCC_WARN_ABOUT_RETURN_TYPE = YES_ERROR;
				GCC_WARN_UNDECLARED_SELECTOR = YES;
				GCC_WARN_UNINITIALIZED_AUTOS = YES_AGGRESSIVE;
				GCC_WARN_UNUSED_FUNCTION = YES;
				GCC_WARN_UNUSED_VARIABLE = YES;
				IPHONEOS_DEPLOYMENT_TARGET = 15.2;
				MTL_ENABLE_DEBUG_INFO = NO;
				MTL_FAST_MATH = YES;
				SDKROOT = iphoneos;
				SWIFT_COMPILATION_MODE = wholemodule;
				SWIFT_OPTIMIZATION_LEVEL = "-O";
				VALIDATE_PRODUCT = YES;
			};
			name = Release;
		};
		0121EF2528893ECA00131DCE /* Debug */ = {
			isa = XCBuildConfiguration;
			baseConfigurationReference = 6D9345B0DE0B56231F58BFC5 /* Pods-LipasApp.debug.xcconfig */;
			buildSettings = {
				ASSETCATALOG_COMPILER_APPICON_NAME = AppIcon;
				ASSETCATALOG_COMPILER_GLOBAL_ACCENT_COLOR_NAME = AccentColor;
				CODE_SIGN_STYLE = Automatic;
				CURRENT_PROJECT_VERSION = 1;
				DEVELOPMENT_TEAM = HKTURP8J53;
				GENERATE_INFOPLIST_FILE = YES;
				INFOPLIST_FILE = LipasApp/Info.plist;
				INFOPLIST_KEY_UIApplicationSupportsIndirectInputEvents = YES;
				INFOPLIST_KEY_UILaunchStoryboardName = LaunchScreen;
				INFOPLIST_KEY_UIMainStoryboardFile = Main;
				INFOPLIST_KEY_UISupportedInterfaceOrientations_iPad = "UIInterfaceOrientationPortrait UIInterfaceOrientationPortraitUpsideDown UIInterfaceOrientationLandscapeLeft UIInterfaceOrientationLandscapeRight";
				INFOPLIST_KEY_UISupportedInterfaceOrientations_iPhone = "UIInterfaceOrientationPortrait UIInterfaceOrientationLandscapeLeft UIInterfaceOrientationLandscapeRight";
				LD_RUNPATH_SEARCH_PATHS = (
					"$(inherited)",
					"@executable_path/Frameworks",
				);
				MARKETING_VERSION = 1.0;
				PRODUCT_BUNDLE_IDENTIFIER = com.niko.LipasApp;
				PRODUCT_NAME = "$(TARGET_NAME)";
				SWIFT_EMIT_LOC_STRINGS = YES;
				SWIFT_VERSION = 5.0;
				TARGETED_DEVICE_FAMILY = "1,2";
			};
			name = Debug;
		};
		0121EF2628893ECA00131DCE /* Release */ = {
			isa = XCBuildConfiguration;
			baseConfigurationReference = 16023FEB83CF72E15C425B34 /* Pods-LipasApp.release.xcconfig */;
			buildSettings = {
				ASSETCATALOG_COMPILER_APPICON_NAME = AppIcon;
				ASSETCATALOG_COMPILER_GLOBAL_ACCENT_COLOR_NAME = AccentColor;
				CODE_SIGN_STYLE = Automatic;
				CURRENT_PROJECT_VERSION = 1;
				DEVELOPMENT_TEAM = HKTURP8J53;
				GENERATE_INFOPLIST_FILE = YES;
				INFOPLIST_FILE = LipasApp/Info.plist;
				INFOPLIST_KEY_UIApplicationSupportsIndirectInputEvents = YES;
				INFOPLIST_KEY_UILaunchStoryboardName = LaunchScreen;
				INFOPLIST_KEY_UIMainStoryboardFile = Main;
				INFOPLIST_KEY_UISupportedInterfaceOrientations_iPad = "UIInterfaceOrientationPortrait UIInterfaceOrientationPortraitUpsideDown UIInterfaceOrientationLandscapeLeft UIInterfaceOrientationLandscapeRight";
				INFOPLIST_KEY_UISupportedInterfaceOrientations_iPhone = "UIInterfaceOrientationPortrait UIInterfaceOrientationLandscapeLeft UIInterfaceOrientationLandscapeRight";
				LD_RUNPATH_SEARCH_PATHS = (
					"$(inherited)",
					"@executable_path/Frameworks",
				);
				MARKETING_VERSION = 1.0;
				PRODUCT_BUNDLE_IDENTIFIER = com.niko.LipasApp;
				PRODUCT_NAME = "$(TARGET_NAME)";
				SWIFT_EMIT_LOC_STRINGS = YES;
				SWIFT_VERSION = 5.0;
				TARGETED_DEVICE_FAMILY = "1,2";
			};
			name = Release;
		};
		0121EF2828893ECA00131DCE /* Debug */ = {
			isa = XCBuildConfiguration;
			baseConfigurationReference = FDB932E776A8624EEC0FCC19 /* Pods-LipasAppTests.debug.xcconfig */;
			buildSettings = {
				ALWAYS_EMBED_SWIFT_STANDARD_LIBRARIES = YES;
				BUNDLE_LOADER = "$(TEST_HOST)";
				CODE_SIGN_STYLE = Automatic;
				CURRENT_PROJECT_VERSION = 1;
				DEVELOPMENT_TEAM = HKTURP8J53;
				GENERATE_INFOPLIST_FILE = YES;
				IPHONEOS_DEPLOYMENT_TARGET = 15.2;
				MARKETING_VERSION = 1.0;
				PRODUCT_BUNDLE_IDENTIFIER = com.niko.LipasAppTests;
				PRODUCT_NAME = "$(TARGET_NAME)";
				SWIFT_EMIT_LOC_STRINGS = NO;
				SWIFT_VERSION = 5.0;
				TARGETED_DEVICE_FAMILY = "1,2";
				TEST_HOST = "$(BUILT_PRODUCTS_DIR)/LipasApp.app/LipasApp";
			};
			name = Debug;
		};
		0121EF2928893ECA00131DCE /* Release */ = {
			isa = XCBuildConfiguration;
			baseConfigurationReference = 49DBF8FD736541CA0F0640DF /* Pods-LipasAppTests.release.xcconfig */;
			buildSettings = {
				ALWAYS_EMBED_SWIFT_STANDARD_LIBRARIES = YES;
				BUNDLE_LOADER = "$(TEST_HOST)";
				CODE_SIGN_STYLE = Automatic;
				CURRENT_PROJECT_VERSION = 1;
				DEVELOPMENT_TEAM = HKTURP8J53;
				GENERATE_INFOPLIST_FILE = YES;
				IPHONEOS_DEPLOYMENT_TARGET = 15.2;
				MARKETING_VERSION = 1.0;
				PRODUCT_BUNDLE_IDENTIFIER = com.niko.LipasAppTests;
				PRODUCT_NAME = "$(TARGET_NAME)";
				SWIFT_EMIT_LOC_STRINGS = NO;
				SWIFT_VERSION = 5.0;
				TARGETED_DEVICE_FAMILY = "1,2";
				TEST_HOST = "$(BUILT_PRODUCTS_DIR)/LipasApp.app/LipasApp";
			};
			name = Release;
		};
		0121EF2B28893ECA00131DCE /* Debug */ = {
			isa = XCBuildConfiguration;
			baseConfigurationReference = FDD2A1AC45E71CBA7BD93C1A /* Pods-LipasApp-LipasAppUITests.debug.xcconfig */;
			buildSettings = {
				ALWAYS_EMBED_SWIFT_STANDARD_LIBRARIES = YES;
				CODE_SIGN_STYLE = Automatic;
				CURRENT_PROJECT_VERSION = 1;
				DEVELOPMENT_TEAM = HKTURP8J53;
				GENERATE_INFOPLIST_FILE = YES;
				MARKETING_VERSION = 1.0;
				PRODUCT_BUNDLE_IDENTIFIER = com.niko.LipasAppUITests;
				PRODUCT_NAME = "$(TARGET_NAME)";
				SWIFT_EMIT_LOC_STRINGS = NO;
				SWIFT_VERSION = 5.0;
				TARGETED_DEVICE_FAMILY = "1,2";
				TEST_TARGET_NAME = LipasApp;
			};
			name = Debug;
		};
		0121EF2C28893ECA00131DCE /* Release */ = {
			isa = XCBuildConfiguration;
			baseConfigurationReference = 54C3C033EDE34566364FE44F /* Pods-LipasApp-LipasAppUITests.release.xcconfig */;
			buildSettings = {
				ALWAYS_EMBED_SWIFT_STANDARD_LIBRARIES = YES;
				CODE_SIGN_STYLE = Automatic;
				CURRENT_PROJECT_VERSION = 1;
				DEVELOPMENT_TEAM = HKTURP8J53;
				GENERATE_INFOPLIST_FILE = YES;
				MARKETING_VERSION = 1.0;
				PRODUCT_BUNDLE_IDENTIFIER = com.niko.LipasAppUITests;
				PRODUCT_NAME = "$(TARGET_NAME)";
				SWIFT_EMIT_LOC_STRINGS = NO;
				SWIFT_VERSION = 5.0;
				TARGETED_DEVICE_FAMILY = "1,2";
				TEST_TARGET_NAME = LipasApp;
			};
			name = Release;
		};
/* End XCBuildConfiguration section */

/* Begin XCConfigurationList section */
		0121EEF528893EC800131DCE /* Build configuration list for PBXProject "LipasApp" */ = {
			isa = XCConfigurationList;
			buildConfigurations = (
				0121EF2228893ECA00131DCE /* Debug */,
				0121EF2328893ECA00131DCE /* Release */,
			);
			defaultConfigurationIsVisible = 0;
			defaultConfigurationName = Release;
		};
		0121EF2428893ECA00131DCE /* Build configuration list for PBXNativeTarget "LipasApp" */ = {
			isa = XCConfigurationList;
			buildConfigurations = (
				0121EF2528893ECA00131DCE /* Debug */,
				0121EF2628893ECA00131DCE /* Release */,
			);
			defaultConfigurationIsVisible = 0;
			defaultConfigurationName = Release;
		};
		0121EF2728893ECA00131DCE /* Build configuration list for PBXNativeTarget "LipasAppTests" */ = {
			isa = XCConfigurationList;
			buildConfigurations = (
				0121EF2828893ECA00131DCE /* Debug */,
				0121EF2928893ECA00131DCE /* Release */,
			);
			defaultConfigurationIsVisible = 0;
			defaultConfigurationName = Release;
		};
		0121EF2A28893ECA00131DCE /* Build configuration list for PBXNativeTarget "LipasAppUITests" */ = {
			isa = XCConfigurationList;
			buildConfigurations = (
				0121EF2B28893ECA00131DCE /* Debug */,
				0121EF2C28893ECA00131DCE /* Release */,
			);
			defaultConfigurationIsVisible = 0;
			defaultConfigurationName = Release;
		};
/* End XCConfigurationList section */
	};
	rootObject = 0121EEF228893EC800131DCE /* Project object */;
}
